{
  "version": 4,
  "terraform_version": "1.10.4",
  "serial": 34,
  "lineage": "4d448f1e-43dc-12f6-9b03-57be5b3f2109",
  "outputs": {
    "bigquery_dataset": {
      "value": "iot_anomaly_detection",
      "type": "string"
    },
    "project_id": {
      "value": "zeltask-staging",
      "type": "string"
    },
    "pubsub_topic": {
      "value": "iot-sensor-data",
      "type": "string"
    },
    "region": {
      "value": "us-central1",
      "type": "string"
    },
    "service_account_email": {
      "value": "iot-anomaly-dataflow@zeltask-staging.iam.gserviceaccount.com",
      "type": "string"
    },
    "storage_buckets": {
      "value": {
        "models": "zeltask-staging-iot-anomaly-models",
        "staging": "zeltask-staging-iot-anomaly-staging",
        "temp": "zeltask-staging-iot-anomaly-temp"
      },
      "type": [
        "object",
        {
          "models": "string",
          "staging": "string",
          "temp": "string"
        }
      ]
    }
  },
  "resources": [
    {
      "mode": "managed",
      "type": "google_bigquery_dataset",
      "name": "iot_anomaly_detection",
      "provider": "provider[\"registry.terraform.io/hashicorp/google\"]",
      "instances": [
        {
          "schema_version": 0,
          "attributes": {
            "access": [
              {
                "dataset": [],
                "domain": "",
                "group_by_email": "",
                "role": "OWNER",
                "routine": [],
                "special_group": "",
                "user_by_email": "anurag@zeltask.com",
                "view": []
              },
              {
                "dataset": [],
                "domain": "",
                "group_by_email": "",
                "role": "OWNER",
                "routine": [],
                "special_group": "projectOwners",
                "user_by_email": "",
                "view": []
              },
              {
                "dataset": [],
                "domain": "",
                "group_by_email": "",
                "role": "READER",
                "routine": [],
                "special_group": "projectReaders",
                "user_by_email": "",
                "view": []
              },
              {
                "dataset": [],
                "domain": "",
                "group_by_email": "",
                "role": "WRITER",
                "routine": [],
                "special_group": "projectWriters",
                "user_by_email": "",
                "view": []
              }
            ],
            "creation_time": 1749572929427,
            "dataset_id": "iot_anomaly_detection",
            "default_collation": "",
            "default_encryption_configuration": [],
            "default_partition_expiration_ms": 0,
            "default_table_expiration_ms": 0,
            "delete_contents_on_destroy": false,
            "description": "Dataset for IoT anomaly detection system",
            "etag": "wVH7hUxWDdLW8ZtfKEvKyQ==",
            "friendly_name": "",
            "id": "projects/zeltask-staging/datasets/iot_anomaly_detection",
            "is_case_insensitive": false,
            "labels": {},
            "last_modified_time": 1749572929427,
            "location": "us-central1",
            "max_time_travel_hours": "168",
            "project": "zeltask-staging",
            "self_link": "https://bigquery.googleapis.com/bigquery/v2/projects/zeltask-staging/datasets/iot_anomaly_detection",
            "storage_billing_model": "",
            "timeouts": null
          },
          "sensitive_attributes": [],
          "private": "eyJlMmJmYjczMC1lY2FhLTExZTYtOGY4OC0zNDM2M2JjN2M0YzAiOnsiY3JlYXRlIjoxMjAwMDAwMDAwMDAwLCJkZWxldGUiOjEyMDAwMDAwMDAwMDAsInVwZGF0ZSI6MTIwMDAwMDAwMDAwMH19",
          "dependencies": [
            "google_project_service.required_apis"
          ]
        }
      ]
    },
    {
      "mode": "managed",
      "type": "google_bigquery_table",
      "name": "anomaly_alerts",
      "provider": "provider[\"registry.terraform.io/hashicorp/google\"]",
      "instances": [
        {
          "schema_version": 0,
          "attributes": {
            "clustering": null,
            "creation_time": 1749572930122,
            "dataset_id": "iot_anomaly_detection",
            "deletion_protection": true,
            "description": "",
            "encryption_configuration": [],
            "etag": "Yhdokgu3FRQIrokgRM0N5g==",
            "expiration_time": 0,
            "external_data_configuration": [],
            "friendly_name": "",
            "id": "projects/zeltask-staging/datasets/iot_anomaly_detection/tables/anomaly_alerts",
            "labels": {},
            "last_modified_time": 1749572930237,
            "location": "us-central1",
            "materialized_view": [],
            "max_staleness": "",
            "num_bytes": 0,
            "num_long_term_bytes": 0,
            "num_rows": 0,
            "project": "zeltask-staging",
            "range_partitioning": [],
            "schema": "[{\"mode\":\"REQUIRED\",\"name\":\"alert_id\",\"type\":\"STRING\"},{\"mode\":\"REQUIRED\",\"name\":\"device_id\",\"type\":\"STRING\"},{\"mode\":\"REQUIRED\",\"name\":\"alert_timestamp\",\"type\":\"TIMESTAMP\"},{\"mode\":\"REQUIRED\",\"name\":\"anomaly_type\",\"type\":\"STRING\"},{\"mode\":\"REQUIRED\",\"name\":\"severity\",\"type\":\"STRING\"},{\"mode\":\"REQUIRED\",\"name\":\"anomaly_score\",\"type\":\"FLOAT\"},{\"mode\":\"NULLABLE\",\"name\":\"sensor_values\",\"type\":\"JSON\"},{\"mode\":\"REQUIRED\",\"name\":\"alert_status\",\"type\":\"STRING\"},{\"mode\":\"NULLABLE\",\"name\":\"acknowledged_by\",\"type\":\"STRING\"},{\"mode\":\"NULLABLE\",\"name\":\"acknowledged_at\",\"type\":\"TIMESTAMP\"},{\"mode\":\"NULLABLE\",\"name\":\"resolved_at\",\"type\":\"TIMESTAMP\"}]",
            "self_link": "https://bigquery.googleapis.com/bigquery/v2/projects/zeltask-staging/datasets/iot_anomaly_detection/tables/anomaly_alerts",
            "table_constraints": [],
            "table_id": "anomaly_alerts",
            "time_partitioning": [
              {
                "expiration_ms": 0,
                "field": "alert_timestamp",
                "require_partition_filter": false,
                "type": "DAY"
              }
            ],
            "type": "TABLE",
            "view": []
          },
          "sensitive_attributes": [],
          "private": "bnVsbA==",
          "dependencies": [
            "google_bigquery_dataset.iot_anomaly_detection",
            "google_project_service.required_apis"
          ]
        }
      ]
    },
    {
      "mode": "managed",
      "type": "google_bigquery_table",
      "name": "model_performance",
      "provider": "provider[\"registry.terraform.io/hashicorp/google\"]",
      "instances": [
        {
          "schema_version": 0,
          "attributes": {
            "clustering": null,
            "creation_time": 1749572930143,
            "dataset_id": "iot_anomaly_detection",
            "deletion_protection": true,
            "description": "",
            "encryption_configuration": [],
            "etag": "wnTGU1+cVDd8fgkj5fVUUw==",
            "expiration_time": 0,
            "external_data_configuration": [],
            "friendly_name": "",
            "id": "projects/zeltask-staging/datasets/iot_anomaly_detection/tables/model_performance",
            "labels": {},
            "last_modified_time": 1749572930240,
            "location": "us-central1",
            "materialized_view": [],
            "max_staleness": "",
            "num_bytes": 0,
            "num_long_term_bytes": 0,
            "num_rows": 0,
            "project": "zeltask-staging",
            "range_partitioning": [],
            "schema": "[{\"mode\":\"REQUIRED\",\"name\":\"model_name\",\"type\":\"STRING\"},{\"mode\":\"REQUIRED\",\"name\":\"model_version\",\"type\":\"STRING\"},{\"mode\":\"REQUIRED\",\"name\":\"evaluation_timestamp\",\"type\":\"TIMESTAMP\"},{\"mode\":\"NULLABLE\",\"name\":\"precision\",\"type\":\"FLOAT\"},{\"mode\":\"NULLABLE\",\"name\":\"recall\",\"type\":\"FLOAT\"},{\"mode\":\"NULLABLE\",\"name\":\"f1_score\",\"type\":\"FLOAT\"},{\"mode\":\"NULLABLE\",\"name\":\"accuracy\",\"type\":\"FLOAT\"},{\"mode\":\"NULLABLE\",\"name\":\"auc_roc\",\"type\":\"FLOAT\"},{\"mode\":\"NULLABLE\",\"name\":\"false_positive_rate\",\"type\":\"FLOAT\"},{\"mode\":\"NULLABLE\",\"name\":\"false_negative_rate\",\"type\":\"FLOAT\"},{\"mode\":\"NULLABLE\",\"name\":\"training_data_size\",\"type\":\"INTEGER\"},{\"mode\":\"NULLABLE\",\"name\":\"evaluation_data_size\",\"type\":\"INTEGER\"}]",
            "self_link": "https://bigquery.googleapis.com/bigquery/v2/projects/zeltask-staging/datasets/iot_anomaly_detection/tables/model_performance",
            "table_constraints": [],
            "table_id": "model_performance",
            "time_partitioning": [],
            "type": "TABLE",
            "view": []
          },
          "sensitive_attributes": [],
          "private": "bnVsbA==",
          "dependencies": [
            "google_bigquery_dataset.iot_anomaly_detection",
            "google_project_service.required_apis"
          ]
        }
      ]
    },
    {
      "mode": "managed",
      "type": "google_bigquery_table",
      "name": "sensor_data",
      "provider": "provider[\"registry.terraform.io/hashicorp/google\"]",
      "instances": [
        {
          "schema_version": 0,
          "attributes": {
            "clustering": [
              "device_id",
              "device_type"
            ],
            "creation_time": 1749572930142,
            "dataset_id": "iot_anomaly_detection",
            "deletion_protection": true,
            "description": "",
            "encryption_configuration": [],
            "etag": "B5N2FGumqwycI8hmPirdcA==",
            "expiration_time": 0,
            "external_data_configuration": [],
            "friendly_name": "",
            "id": "projects/zeltask-staging/datasets/iot_anomaly_detection/tables/sensor_data",
            "labels": {},
            "last_modified_time": 1749572930243,
            "location": "us-central1",
            "materialized_view": [],
            "max_staleness": "",
            "num_bytes": 0,
            "num_long_term_bytes": 0,
            "num_rows": 0,
            "project": "zeltask-staging",
            "range_partitioning": [],
            "schema": "[{\"mode\":\"REQUIRED\",\"name\":\"device_id\",\"type\":\"STRING\"},{\"mode\":\"REQUIRED\",\"name\":\"device_type\",\"type\":\"STRING\"},{\"mode\":\"REQUIRED\",\"name\":\"location\",\"type\":\"STRING\"},{\"mode\":\"REQUIRED\",\"name\":\"timestamp\",\"type\":\"TIMESTAMP\"},{\"mode\":\"NULLABLE\",\"name\":\"processed_at\",\"type\":\"TIMESTAMP\"},{\"mode\":\"REQUIRED\",\"name\":\"temperature\",\"type\":\"FLOAT\"},{\"mode\":\"REQUIRED\",\"name\":\"humidity\",\"type\":\"FLOAT\"},{\"mode\":\"REQUIRED\",\"name\":\"pressure\",\"type\":\"FLOAT\"},{\"mode\":\"NULLABLE\",\"name\":\"vibration_level\",\"type\":\"FLOAT\"},{\"mode\":\"NULLABLE\",\"name\":\"power_consumption\",\"type\":\"FLOAT\"},{\"mode\":\"REQUIRED\",\"name\":\"is_anomaly\",\"type\":\"BOOLEAN\"},{\"mode\":\"NULLABLE\",\"name\":\"anomaly_type\",\"type\":\"STRING\"},{\"mode\":\"NULLABLE\",\"name\":\"anomaly_score\",\"type\":\"FLOAT\"},{\"mode\":\"NULLABLE\",\"name\":\"rule_based_anomaly\",\"type\":\"BOOLEAN\"},{\"mode\":\"NULLABLE\",\"name\":\"ml_anomaly_score\",\"type\":\"FLOAT\"},{\"mode\":\"NULLABLE\",\"name\":\"ml_anomaly_prediction\",\"type\":\"BOOLEAN\"}]",
            "self_link": "https://bigquery.googleapis.com/bigquery/v2/projects/zeltask-staging/datasets/iot_anomaly_detection/tables/sensor_data",
            "table_constraints": [],
            "table_id": "sensor_data",
            "time_partitioning": [
              {
                "expiration_ms": 0,
                "field": "timestamp",
                "require_partition_filter": false,
                "type": "DAY"
              }
            ],
            "type": "TABLE",
            "view": []
          },
          "sensitive_attributes": [],
          "private": "bnVsbA==",
          "dependencies": [
            "google_bigquery_dataset.iot_anomaly_detection",
            "google_project_service.required_apis"
          ]
        }
      ]
    },
    {
      "mode": "managed",
      "type": "google_cloudfunctions_function",
      "name": "anomaly_alerter",
      "provider": "provider[\"registry.terraform.io/hashicorp/google\"]",
      "instances": [
        {
          "status": "tainted",
          "schema_version": 0,
          "attributes": {
            "available_memory_mb": 256,
            "build_environment_variables": null,
            "build_worker_pool": null,
            "description": "Function to handle anomaly alerts",
            "docker_registry": null,
            "docker_repository": null,
            "entry_point": "anomaly_alerter",
            "environment_variables": null,
            "event_trigger": [
              {
                "event_type": "providers/cloud.pubsub/eventTypes/topic.publish",
                "failure_policy": [],
                "resource": "iot-sensor-data"
              }
            ],
            "https_trigger_security_level": null,
            "https_trigger_url": null,
            "id": "projects/zeltask-staging/locations/us-central1/functions/anomaly-alerter",
            "ingress_settings": "ALLOW_ALL",
            "kms_key_name": null,
            "labels": null,
            "max_instances": null,
            "min_instances": null,
            "name": "anomaly-alerter",
            "project": null,
            "region": null,
            "runtime": "python39",
            "secret_environment_variables": [],
            "secret_volumes": [],
            "service_account_email": null,
            "source_archive_bucket": "zeltask-staging-iot-anomaly-staging",
            "source_archive_object": "anomaly-alerter.zip",
            "source_repository": [],
            "status": null,
            "timeout": 60,
            "timeouts": null,
            "trigger_http": null,
            "vpc_connector": null,
            "vpc_connector_egress_settings": null
          },
          "sensitive_attributes": [],
          "private": "eyJlMmJmYjczMC1lY2FhLTExZTYtOGY4OC0zNDM2M2JjN2M0YzAiOnsiY3JlYXRlIjozMDAwMDAwMDAwMDAsImRlbGV0ZSI6MzAwMDAwMDAwMDAwLCJyZWFkIjozMDAwMDAwMDAwMDAsInVwZGF0ZSI6MzAwMDAwMDAwMDAwfX0=",
          "dependencies": [
            "google_project_service.required_apis",
            "google_pubsub_topic.iot_sensor_data",
            "google_storage_bucket.staging_bucket"
          ]
        }
      ]
    },
    {
      "mode": "managed",
      "type": "google_project_iam_member",
      "name": "bigquery_data_editor",
      "provider": "provider[\"registry.terraform.io/hashicorp/google\"]",
      "instances": [
        {
          "schema_version": 0,
          "attributes": {
            "condition": [],
            "etag": "BwY3OjBwFZM=",
            "id": "zeltask-staging/roles/bigquery.dataEditor/serviceAccount:iot-anomaly-dataflow@zeltask-staging.iam.gserviceaccount.com",
            "member": "serviceAccount:iot-anomaly-dataflow@zeltask-staging.iam.gserviceaccount.com",
            "project": "zeltask-staging",
            "role": "roles/bigquery.dataEditor"
          },
          "sensitive_attributes": [],
          "private": "bnVsbA==",
          "dependencies": [
            "google_service_account.dataflow_sa"
          ]
        }
      ]
    },
    {
      "mode": "managed",
      "type": "google_project_iam_member",
      "name": "dataflow_worker",
      "provider": "provider[\"registry.terraform.io/hashicorp/google\"]",
      "instances": [
        {
          "schema_version": 0,
          "attributes": {
            "condition": [],
            "etag": "BwY3OjBwFZM=",
            "id": "zeltask-staging/roles/dataflow.worker/serviceAccount:iot-anomaly-dataflow@zeltask-staging.iam.gserviceaccount.com",
            "member": "serviceAccount:iot-anomaly-dataflow@zeltask-staging.iam.gserviceaccount.com",
            "project": "zeltask-staging",
            "role": "roles/dataflow.worker"
          },
          "sensitive_attributes": [],
          "private": "bnVsbA==",
          "dependencies": [
            "google_service_account.dataflow_sa"
          ]
        }
      ]
    },
    {
      "mode": "managed",
      "type": "google_project_iam_member",
      "name": "pubsub_subscriber",
      "provider": "provider[\"registry.terraform.io/hashicorp/google\"]",
      "instances": [
        {
          "schema_version": 0,
          "attributes": {
            "condition": [],
            "etag": "BwY3OjBwFZM=",
            "id": "zeltask-staging/roles/pubsub.subscriber/serviceAccount:iot-anomaly-dataflow@zeltask-staging.iam.gserviceaccount.com",
            "member": "serviceAccount:iot-anomaly-dataflow@zeltask-staging.iam.gserviceaccount.com",
            "project": "zeltask-staging",
            "role": "roles/pubsub.subscriber"
          },
          "sensitive_attributes": [],
          "private": "bnVsbA==",
          "dependencies": [
            "google_service_account.dataflow_sa"
          ]
        }
      ]
    },
    {
      "mode": "managed",
      "type": "google_project_iam_member",
      "name": "storage_object_admin",
      "provider": "provider[\"registry.terraform.io/hashicorp/google\"]",
      "instances": [
        {
          "schema_version": 0,
          "attributes": {
            "condition": [],
            "etag": "BwY3OjBwFZM=",
            "id": "zeltask-staging/roles/storage.objectAdmin/serviceAccount:iot-anomaly-dataflow@zeltask-staging.iam.gserviceaccount.com",
            "member": "serviceAccount:iot-anomaly-dataflow@zeltask-staging.iam.gserviceaccount.com",
            "project": "zeltask-staging",
            "role": "roles/storage.objectAdmin"
          },
          "sensitive_attributes": [],
          "private": "bnVsbA==",
          "dependencies": [
            "google_service_account.dataflow_sa"
          ]
        }
      ]
    },
    {
      "mode": "managed",
      "type": "google_project_service",
      "name": "required_apis",
      "provider": "provider[\"registry.terraform.io/hashicorp/google\"]",
      "instances": [
        {
          "index_key": "aiplatform.googleapis.com",
          "schema_version": 0,
          "attributes": {
            "disable_dependent_services": true,
            "disable_on_destroy": true,
            "id": "zeltask-staging/aiplatform.googleapis.com",
            "project": "zeltask-staging",
            "service": "aiplatform.googleapis.com",
            "timeouts": null
          },
          "sensitive_attributes": [],
          "private": "eyJlMmJmYjczMC1lY2FhLTExZTYtOGY4OC0zNDM2M2JjN2M0YzAiOnsiY3JlYXRlIjoxMjAwMDAwMDAwMDAwLCJkZWxldGUiOjEyMDAwMDAwMDAwMDAsInJlYWQiOjYwMDAwMDAwMDAwMCwidXBkYXRlIjoxMjAwMDAwMDAwMDAwfX0="
        },
        {
          "index_key": "bigquery.googleapis.com",
          "schema_version": 0,
          "attributes": {
            "disable_dependent_services": true,
            "disable_on_destroy": true,
            "id": "zeltask-staging/bigquery.googleapis.com",
            "project": "zeltask-staging",
            "service": "bigquery.googleapis.com",
            "timeouts": null
          },
          "sensitive_attributes": [],
          "private": "eyJlMmJmYjczMC1lY2FhLTExZTYtOGY4OC0zNDM2M2JjN2M0YzAiOnsiY3JlYXRlIjoxMjAwMDAwMDAwMDAwLCJkZWxldGUiOjEyMDAwMDAwMDAwMDAsInJlYWQiOjYwMDAwMDAwMDAwMCwidXBkYXRlIjoxMjAwMDAwMDAwMDAwfX0="
        },
        {
          "index_key": "cloudbuild.googleapis.com",
          "schema_version": 0,
          "attributes": {
            "disable_dependent_services": true,
            "disable_on_destroy": true,
            "id": "zeltask-staging/cloudbuild.googleapis.com",
            "project": "zeltask-staging",
            "service": "cloudbuild.googleapis.com",
            "timeouts": null
          },
          "sensitive_attributes": [],
          "private": "eyJlMmJmYjczMC1lY2FhLTExZTYtOGY4OC0zNDM2M2JjN2M0YzAiOnsiY3JlYXRlIjoxMjAwMDAwMDAwMDAwLCJkZWxldGUiOjEyMDAwMDAwMDAwMDAsInJlYWQiOjYwMDAwMDAwMDAwMCwidXBkYXRlIjoxMjAwMDAwMDAwMDAwfX0="
        },
        {
          "index_key": "cloudfunctions.googleapis.com",
          "schema_version": 0,
          "attributes": {
            "disable_dependent_services": true,
            "disable_on_destroy": true,
            "id": "zeltask-staging/cloudfunctions.googleapis.com",
            "project": "zeltask-staging",
            "service": "cloudfunctions.googleapis.com",
            "timeouts": null
          },
          "sensitive_attributes": [],
          "private": "eyJlMmJmYjczMC1lY2FhLTExZTYtOGY4OC0zNDM2M2JjN2M0YzAiOnsiY3JlYXRlIjoxMjAwMDAwMDAwMDAwLCJkZWxldGUiOjEyMDAwMDAwMDAwMDAsInJlYWQiOjYwMDAwMDAwMDAwMCwidXBkYXRlIjoxMjAwMDAwMDAwMDAwfX0="
        },
        {
          "index_key": "compute.googleapis.com",
          "schema_version": 0,
          "attributes": {
            "disable_dependent_services": true,
            "disable_on_destroy": true,
            "id": "zeltask-staging/compute.googleapis.com",
            "project": "zeltask-staging",
            "service": "compute.googleapis.com",
            "timeouts": null
          },
          "sensitive_attributes": [],
          "private": "eyJlMmJmYjczMC1lY2FhLTExZTYtOGY4OC0zNDM2M2JjN2M0YzAiOnsiY3JlYXRlIjoxMjAwMDAwMDAwMDAwLCJkZWxldGUiOjEyMDAwMDAwMDAwMDAsInJlYWQiOjYwMDAwMDAwMDAwMCwidXBkYXRlIjoxMjAwMDAwMDAwMDAwfX0="
        },
        {
          "index_key": "dataflow.googleapis.com",
          "schema_version": 0,
          "attributes": {
            "disable_dependent_services": true,
            "disable_on_destroy": true,
            "id": "zeltask-staging/dataflow.googleapis.com",
            "project": "zeltask-staging",
            "service": "dataflow.googleapis.com",
            "timeouts": null
          },
          "sensitive_attributes": [],
          "private": "eyJlMmJmYjczMC1lY2FhLTExZTYtOGY4OC0zNDM2M2JjN2M0YzAiOnsiY3JlYXRlIjoxMjAwMDAwMDAwMDAwLCJkZWxldGUiOjEyMDAwMDAwMDAwMDAsInJlYWQiOjYwMDAwMDAwMDAwMCwidXBkYXRlIjoxMjAwMDAwMDAwMDAwfX0="
        },
        {
          "index_key": "logging.googleapis.com",
          "schema_version": 0,
          "attributes": {
            "disable_dependent_services": true,
            "disable_on_destroy": true,
            "id": "zeltask-staging/logging.googleapis.com",
            "project": "zeltask-staging",
            "service": "logging.googleapis.com",
            "timeouts": null
          },
          "sensitive_attributes": [],
          "private": "eyJlMmJmYjczMC1lY2FhLTExZTYtOGY4OC0zNDM2M2JjN2M0YzAiOnsiY3JlYXRlIjoxMjAwMDAwMDAwMDAwLCJkZWxldGUiOjEyMDAwMDAwMDAwMDAsInJlYWQiOjYwMDAwMDAwMDAwMCwidXBkYXRlIjoxMjAwMDAwMDAwMDAwfX0="
        },
        {
          "index_key": "monitoring.googleapis.com",
          "schema_version": 0,
          "attributes": {
            "disable_dependent_services": true,
            "disable_on_destroy": true,
            "id": "zeltask-staging/monitoring.googleapis.com",
            "project": "zeltask-staging",
            "service": "monitoring.googleapis.com",
            "timeouts": null
          },
          "sensitive_attributes": [],
          "private": "eyJlMmJmYjczMC1lY2FhLTExZTYtOGY4OC0zNDM2M2JjN2M0YzAiOnsiY3JlYXRlIjoxMjAwMDAwMDAwMDAwLCJkZWxldGUiOjEyMDAwMDAwMDAwMDAsInJlYWQiOjYwMDAwMDAwMDAwMCwidXBkYXRlIjoxMjAwMDAwMDAwMDAwfX0="
        },
        {
          "index_key": "pubsub.googleapis.com",
          "schema_version": 0,
          "attributes": {
            "disable_dependent_services": true,
            "disable_on_destroy": true,
            "id": "zeltask-staging/pubsub.googleapis.com",
            "project": "zeltask-staging",
            "service": "pubsub.googleapis.com",
            "timeouts": null
          },
          "sensitive_attributes": [],
          "private": "eyJlMmJmYjczMC1lY2FhLTExZTYtOGY4OC0zNDM2M2JjN2M0YzAiOnsiY3JlYXRlIjoxMjAwMDAwMDAwMDAwLCJkZWxldGUiOjEyMDAwMDAwMDAwMDAsInJlYWQiOjYwMDAwMDAwMDAwMCwidXBkYXRlIjoxMjAwMDAwMDAwMDAwfX0="
        },
        {
          "index_key": "run.googleapis.com",
          "schema_version": 0,
          "attributes": {
            "disable_dependent_services": true,
            "disable_on_destroy": true,
            "id": "zeltask-staging/run.googleapis.com",
            "project": "zeltask-staging",
            "service": "run.googleapis.com",
            "timeouts": null
          },
          "sensitive_attributes": [],
          "private": "eyJlMmJmYjczMC1lY2FhLTExZTYtOGY4OC0zNDM2M2JjN2M0YzAiOnsiY3JlYXRlIjoxMjAwMDAwMDAwMDAwLCJkZWxldGUiOjEyMDAwMDAwMDAwMDAsInJlYWQiOjYwMDAwMDAwMDAwMCwidXBkYXRlIjoxMjAwMDAwMDAwMDAwfX0="
        },
        {
          "index_key": "storage.googleapis.com",
          "schema_version": 0,
          "attributes": {
            "disable_dependent_services": true,
            "disable_on_destroy": true,
            "id": "zeltask-staging/storage.googleapis.com",
            "project": "zeltask-staging",
            "service": "storage.googleapis.com",
            "timeouts": null
          },
          "sensitive_attributes": [],
          "private": "eyJlMmJmYjczMC1lY2FhLTExZTYtOGY4OC0zNDM2M2JjN2M0YzAiOnsiY3JlYXRlIjoxMjAwMDAwMDAwMDAwLCJkZWxldGUiOjEyMDAwMDAwMDAwMDAsInJlYWQiOjYwMDAwMDAwMDAwMCwidXBkYXRlIjoxMjAwMDAwMDAwMDAwfX0="
        }
      ]
    },
    {
      "mode": "managed",
      "type": "google_pubsub_subscription",
      "name": "alerting_subscription",
      "provider": "provider[\"registry.terraform.io/hashicorp/google\"]",
      "instances": [
        {
          "schema_version": 0,
          "attributes": {
            "ack_deadline_seconds": 10,
            "bigquery_config": [],
            "cloud_storage_config": [],
            "dead_letter_policy": [],
            "enable_exactly_once_delivery": false,
            "enable_message_ordering": false,
            "expiration_policy": [
              {
                "ttl": "2678400s"
              }
            ],
            "filter": "attributes.is_anomaly=\"true\"",
            "id": "projects/zeltask-staging/subscriptions/alerting-subscription",
            "labels": {},
            "message_retention_duration": "604800s",
            "name": "alerting-subscription",
            "project": "zeltask-staging",
            "push_config": [],
            "retain_acked_messages": false,
            "retry_policy": [],
            "timeouts": null,
            "topic": "projects/zeltask-staging/topics/iot-sensor-data"
          },
          "sensitive_attributes": [],
          "private": "eyJlMmJmYjczMC1lY2FhLTExZTYtOGY4OC0zNDM2M2JjN2M0YzAiOnsiY3JlYXRlIjoxMjAwMDAwMDAwMDAwLCJkZWxldGUiOjEyMDAwMDAwMDAwMDAsInVwZGF0ZSI6MTIwMDAwMDAwMDAwMH19",
          "dependencies": [
            "google_project_service.required_apis",
            "google_pubsub_topic.iot_sensor_data"
          ]
        }
      ]
    },
    {
      "mode": "managed",
      "type": "google_pubsub_subscription",
      "name": "dataflow_subscription",
      "provider": "provider[\"registry.terraform.io/hashicorp/google\"]",
      "instances": [
        {
          "schema_version": 0,
          "attributes": {
            "ack_deadline_seconds": 600,
            "bigquery_config": [],
            "cloud_storage_config": [],
            "dead_letter_policy": [
              {
                "dead_letter_topic": "projects/zeltask-staging/topics/iot-sensor-data-dead-letter",
                "max_delivery_attempts": 5
              }
            ],
            "enable_exactly_once_delivery": false,
            "enable_message_ordering": false,
            "expiration_policy": [
              {
                "ttl": "2678400s"
              }
            ],
            "filter": "",
            "id": "projects/zeltask-staging/subscriptions/dataflow-subscription",
            "labels": {},
            "message_retention_duration": "604800s",
            "name": "dataflow-subscription",
            "project": "zeltask-staging",
            "push_config": [],
            "retain_acked_messages": false,
            "retry_policy": [
              {
                "maximum_backoff": "600s",
                "minimum_backoff": "10s"
              }
            ],
            "timeouts": null,
            "topic": "projects/zeltask-staging/topics/iot-sensor-data"
          },
          "sensitive_attributes": [],
          "private": "eyJlMmJmYjczMC1lY2FhLTExZTYtOGY4OC0zNDM2M2JjN2M0YzAiOnsiY3JlYXRlIjoxMjAwMDAwMDAwMDAwLCJkZWxldGUiOjEyMDAwMDAwMDAwMDAsInVwZGF0ZSI6MTIwMDAwMDAwMDAwMH19",
          "dependencies": [
            "google_project_service.required_apis",
            "google_pubsub_topic.dead_letter_topic",
            "google_pubsub_topic.iot_sensor_data"
          ]
        }
      ]
    },
    {
      "mode": "managed",
      "type": "google_pubsub_topic",
      "name": "dead_letter_topic",
      "provider": "provider[\"registry.terraform.io/hashicorp/google\"]",
      "instances": [
        {
          "schema_version": 0,
          "attributes": {
            "id": "projects/zeltask-staging/topics/iot-sensor-data-dead-letter",
            "kms_key_name": "",
            "labels": {},
            "message_retention_duration": "",
            "message_storage_policy": [],
            "name": "iot-sensor-data-dead-letter",
            "project": "zeltask-staging",
            "schema_settings": [],
            "timeouts": null
          },
          "sensitive_attributes": [],
          "private": "eyJlMmJmYjczMC1lY2FhLTExZTYtOGY4OC0zNDM2M2JjN2M0YzAiOnsiY3JlYXRlIjoxMjAwMDAwMDAwMDAwLCJkZWxldGUiOjEyMDAwMDAwMDAwMDAsInVwZGF0ZSI6MTIwMDAwMDAwMDAwMH19",
          "dependencies": [
            "google_project_service.required_apis"
          ]
        }
      ]
    },
    {
      "mode": "managed",
      "type": "google_pubsub_topic",
      "name": "iot_sensor_data",
      "provider": "provider[\"registry.terraform.io/hashicorp/google\"]",
      "instances": [
        {
          "schema_version": 0,
          "attributes": {
            "id": "projects/zeltask-staging/topics/iot-sensor-data",
            "kms_key_name": "",
            "labels": {},
            "message_retention_duration": "86400s",
            "message_storage_policy": [],
            "name": "iot-sensor-data",
            "project": "zeltask-staging",
            "schema_settings": [],
            "timeouts": null
          },
          "sensitive_attributes": [],
          "private": "eyJlMmJmYjczMC1lY2FhLTExZTYtOGY4OC0zNDM2M2JjN2M0YzAiOnsiY3JlYXRlIjoxMjAwMDAwMDAwMDAwLCJkZWxldGUiOjEyMDAwMDAwMDAwMDAsInVwZGF0ZSI6MTIwMDAwMDAwMDAwMH19",
          "dependencies": [
            "google_project_service.required_apis"
          ]
        }
      ]
    },
    {
      "mode": "managed",
      "type": "google_service_account",
      "name": "dataflow_sa",
      "provider": "provider[\"registry.terraform.io/hashicorp/google\"]",
      "instances": [
        {
          "schema_version": 0,
          "attributes": {
            "account_id": "iot-anomaly-dataflow",
            "description": "",
            "disabled": false,
            "display_name": "IoT Anomaly Detection Dataflow Service Account",
            "email": "iot-anomaly-dataflow@zeltask-staging.iam.gserviceaccount.com",
            "id": "projects/zeltask-staging/serviceAccounts/iot-anomaly-dataflow@zeltask-staging.iam.gserviceaccount.com",
            "member": "serviceAccount:iot-anomaly-dataflow@zeltask-staging.iam.gserviceaccount.com",
            "name": "projects/zeltask-staging/serviceAccounts/iot-anomaly-dataflow@zeltask-staging.iam.gserviceaccount.com",
            "project": "zeltask-staging",
            "timeouts": null,
            "unique_id": "103124328391719044956"
          },
          "sensitive_attributes": [],
          "private": "eyJlMmJmYjczMC1lY2FhLTExZTYtOGY4OC0zNDM2M2JjN2M0YzAiOnsiY3JlYXRlIjozMDAwMDAwMDAwMDB9fQ=="
        }
      ]
    },
    {
      "mode": "managed",
      "type": "google_storage_bucket",
      "name": "model_bucket",
      "provider": "provider[\"registry.terraform.io/hashicorp/google\"]",
      "instances": [
        {
          "schema_version": 0,
          "attributes": {
            "autoclass": [],
            "cors": [],
            "custom_placement_config": [],
            "default_event_based_hold": false,
            "encryption": [],
            "force_destroy": false,
            "id": "zeltask-staging-iot-anomaly-models",
            "labels": {},
            "lifecycle_rule": [],
            "location": "US-CENTRAL1",
            "logging": [],
            "name": "zeltask-staging-iot-anomaly-models",
            "project": "zeltask-staging",
            "public_access_prevention": "inherited",
            "requester_pays": false,
            "retention_policy": [],
            "self_link": "https://www.googleapis.com/storage/v1/b/zeltask-staging-iot-anomaly-models",
            "soft_delete_policy": [
              {
                "effective_time": "2025-06-10T16:28:50.162Z",
                "retention_duration_seconds": 604800
              }
            ],
            "storage_class": "STANDARD",
            "timeouts": null,
            "uniform_bucket_level_access": true,
            "url": "gs://zeltask-staging-iot-anomaly-models",
            "versioning": [
              {
                "enabled": true
              }
            ],
            "website": []
          },
          "sensitive_attributes": [],
          "private": "eyJlMmJmYjczMC1lY2FhLTExZTYtOGY4OC0zNDM2M2JjN2M0YzAiOnsiY3JlYXRlIjo2MDAwMDAwMDAwMDAsInJlYWQiOjI0MDAwMDAwMDAwMCwidXBkYXRlIjoyNDAwMDAwMDAwMDB9fQ==",
          "dependencies": [
            "google_project_service.required_apis"
          ]
        }
      ]
    },
    {
      "mode": "managed",
      "type": "google_storage_bucket",
      "name": "staging_bucket",
      "provider": "provider[\"registry.terraform.io/hashicorp/google\"]",
      "instances": [
        {
          "schema_version": 0,
          "attributes": {
            "autoclass": [],
            "cors": [],
            "custom_placement_config": [],
            "default_event_based_hold": false,
            "encryption": [],
            "force_destroy": false,
            "id": "zeltask-staging-iot-anomaly-staging",
            "labels": {},
            "lifecycle_rule": [
              {
                "action": [
                  {
                    "storage_class": "",
                    "type": "Delete"
                  }
                ],
                "condition": [
                  {
                    "age": 30,
                    "created_before": "",
                    "custom_time_before": "",
                    "days_since_custom_time": 0,
                    "days_since_noncurrent_time": 0,
                    "matches_prefix": [],
                    "matches_storage_class": [],
                    "matches_suffix": [],
                    "noncurrent_time_before": "",
                    "num_newer_versions": 0,
                    "with_state": "ANY"
                  }
                ]
              }
            ],
            "location": "US-CENTRAL1",
            "logging": [],
            "name": "zeltask-staging-iot-anomaly-staging",
            "project": "zeltask-staging",
            "public_access_prevention": "inherited",
            "requester_pays": false,
            "retention_policy": [],
            "self_link": "https://www.googleapis.com/storage/v1/b/zeltask-staging-iot-anomaly-staging",
            "soft_delete_policy": [
              {
                "effective_time": "2025-06-10T16:28:50.416Z",
                "retention_duration_seconds": 604800
              }
            ],
            "storage_class": "STANDARD",
            "timeouts": null,
            "uniform_bucket_level_access": true,
            "url": "gs://zeltask-staging-iot-anomaly-staging",
            "versioning": [],
            "website": []
          },
          "sensitive_attributes": [],
          "private": "eyJlMmJmYjczMC1lY2FhLTExZTYtOGY4OC0zNDM2M2JjN2M0YzAiOnsiY3JlYXRlIjo2MDAwMDAwMDAwMDAsInJlYWQiOjI0MDAwMDAwMDAwMCwidXBkYXRlIjoyNDAwMDAwMDAwMDB9fQ==",
          "dependencies": [
            "google_project_service.required_apis"
          ]
        }
      ]
    },
    {
      "mode": "managed",
      "type": "google_storage_bucket",
      "name": "temp_bucket",
      "provider": "provider[\"registry.terraform.io/hashicorp/google\"]",
      "instances": [
        {
          "schema_version": 0,
          "attributes": {
            "autoclass": [],
            "cors": [],
            "custom_placement_config": [],
            "default_event_based_hold": false,
            "encryption": [],
            "force_destroy": false,
            "id": "zeltask-staging-iot-anomaly-temp",
            "labels": {},
            "lifecycle_rule": [
              {
                "action": [
                  {
                    "storage_class": "",
                    "type": "Delete"
                  }
                ],
                "condition": [
                  {
                    "age": 7,
                    "created_before": "",
                    "custom_time_before": "",
                    "days_since_custom_time": 0,
                    "days_since_noncurrent_time": 0,
                    "matches_prefix": [],
                    "matches_storage_class": [],
                    "matches_suffix": [],
                    "noncurrent_time_before": "",
                    "num_newer_versions": 0,
                    "with_state": "ANY"
                  }
                ]
              }
            ],
            "location": "US-CENTRAL1",
            "logging": [],
            "name": "zeltask-staging-iot-anomaly-temp",
            "project": "zeltask-staging",
            "public_access_prevention": "inherited",
            "requester_pays": false,
            "retention_policy": [],
            "self_link": "https://www.googleapis.com/storage/v1/b/zeltask-staging-iot-anomaly-temp",
            "soft_delete_policy": [
              {
                "effective_time": "2025-06-10T16:28:49.911Z",
                "retention_duration_seconds": 604800
              }
            ],
            "storage_class": "STANDARD",
            "timeouts": null,
            "uniform_bucket_level_access": true,
            "url": "gs://zeltask-staging-iot-anomaly-temp",
            "versioning": [],
            "website": []
          },
          "sensitive_attributes": [],
          "private": "eyJlMmJmYjczMC1lY2FhLTExZTYtOGY4OC0zNDM2M2JjN2M0YzAiOnsiY3JlYXRlIjo2MDAwMDAwMDAwMDAsInJlYWQiOjI0MDAwMDAwMDAwMCwidXBkYXRlIjoyNDAwMDAwMDAwMDB9fQ==",
          "dependencies": [
            "google_project_service.required_apis"
          ]
        }
      ]
    }
  ],
  "check_results": null
}
